// !$*UTF8*$!
{
	archiveVersion = 1;
	classes = {
	};
	objectVersion = 55;
	objects = {

/* Begin PBXBuildFile section */
		990FED0827B2517D003A8937 /* CustomTextModifier.swift in Sources */ = {isa = PBXBuildFile; fileRef = 990FED0727B2517D003A8937 /* CustomTextModifier.swift */; };
		990FED0C27B261AC003A8937 /* AssetMenuStackView.swift in Sources */ = {isa = PBXBuildFile; fileRef = 990FED0B27B261AC003A8937 /* AssetMenuStackView.swift */; };
		990FED0E27B2AE72003A8937 /* AssetBanner.swift in Sources */ = {isa = PBXBuildFile; fileRef = 990FED0D27B2AE72003A8937 /* AssetBanner.swift */; };
		990FED1227B2AEC6003A8937 /* BannerCardView.swift in Sources */ = {isa = PBXBuildFile; fileRef = 990FED1127B2AEC6003A8937 /* BannerCardView.swift */; };
		990FED1427B2AF99003A8937 /* PageViewController.swift in Sources */ = {isa = PBXBuildFile; fileRef = 990FED1327B2AF99003A8937 /* PageViewController.swift */; };
		990FED1627B2B32F003A8937 /* PageControl.swift in Sources */ = {isa = PBXBuildFile; fileRef = 990FED1527B2B32F003A8937 /* PageControl.swift */; };
		990FED1827B2B4E9003A8937 /* AssetBannerView.swift in Sources */ = {isa = PBXBuildFile; fileRef = 990FED1727B2B4E9003A8937 /* AssetBannerView.swift */; };
		994CA64227B156DF00F455BC /* MoneyManagementApp.swift in Sources */ = {isa = PBXBuildFile; fileRef = 994CA64127B156DF00F455BC /* MoneyManagementApp.swift */; };
		994CA64427B156DF00F455BC /* ContentView.swift in Sources */ = {isa = PBXBuildFile; fileRef = 994CA64327B156DF00F455BC /* ContentView.swift */; };
		994CA64627B156E100F455BC /* Assets.xcassets in Resources */ = {isa = PBXBuildFile; fileRef = 994CA64527B156E100F455BC /* Assets.xcassets */; };
		994CA64927B156E200F455BC /* Preview Assets.xcassets in Resources */ = {isa = PBXBuildFile; fileRef = 994CA64827B156E200F455BC /* Preview Assets.xcassets */; };
		994CA65027B1668C00F455BC /* NavigationBarWithButton.swift in Sources */ = {isa = PBXBuildFile; fileRef = 994CA64F27B1668C00F455BC /* NavigationBarWithButton.swift */; };
		999D528027B39882009CCA58 /* PracticePageVC.swift in Sources */ = {isa = PBXBuildFile; fileRef = 999D527F27B39882009CCA58 /* PracticePageVC.swift */; };
		999D528227B3AA0E009CCA58 /* PracticePageControl.swift in Sources */ = {isa = PBXBuildFile; fileRef = 999D528127B3AA0E009CCA58 /* PracticePageControl.swift */; };
		99E9565E27B16EAC00D9A76E /* AssetMenu.swift in Sources */ = {isa = PBXBuildFile; fileRef = 99E9565D27B16EAC00D9A76E /* AssetMenu.swift */; };
		99E9566027B1706A00D9A76E /* AssetMenuButtonStyle.swift in Sources */ = {isa = PBXBuildFile; fileRef = 99E9565F27B1706A00D9A76E /* AssetMenuButtonStyle.swift */; };
		99E9566227B172CB00D9A76E /* AssetMenuGridView.swift in Sources */ = {isa = PBXBuildFile; fileRef = 99E9566127B172CB00D9A76E /* AssetMenuGridView.swift */; };
		99E9566427B1741800D9A76E /* AssetView.swift in Sources */ = {isa = PBXBuildFile; fileRef = 99E9566327B1741800D9A76E /* AssetView.swift */; };
/* End PBXBuildFile section */

/* Begin PBXFileReference section */
		990FED0727B2517D003A8937 /* CustomTextModifier.swift */ = {isa = PBXFileReference; lastKnownFileType = sourcecode.swift; path = CustomTextModifier.swift; sourceTree = "<group>"; };
		990FED0B27B261AC003A8937 /* AssetMenuStackView.swift */ = {isa = PBXFileReference; lastKnownFileType = sourcecode.swift; path = AssetMenuStackView.swift; sourceTree = "<group>"; };
		990FED0D27B2AE72003A8937 /* AssetBanner.swift */ = {isa = PBXFileReference; lastKnownFileType = sourcecode.swift; path = AssetBanner.swift; sourceTree = "<group>"; };
		990FED1127B2AEC6003A8937 /* BannerCardView.swift */ = {isa = PBXFileReference; lastKnownFileType = sourcecode.swift; path = BannerCardView.swift; sourceTree = "<group>"; };
		990FED1327B2AF99003A8937 /* PageViewController.swift */ = {isa = PBXFileReference; lastKnownFileType = sourcecode.swift; path = PageViewController.swift; sourceTree = "<group>"; };
		990FED1527B2B32F003A8937 /* PageControl.swift */ = {isa = PBXFileReference; lastKnownFileType = sourcecode.swift; path = PageControl.swift; sourceTree = "<group>"; };
		990FED1727B2B4E9003A8937 /* AssetBannerView.swift */ = {isa = PBXFileReference; lastKnownFileType = sourcecode.swift; path = AssetBannerView.swift; sourceTree = "<group>"; };
		994CA63E27B156DF00F455BC /* MoneyManagement.app */ = {isa = PBXFileReference; explicitFileType = wrapper.application; includeInIndex = 0; path = MoneyManagement.app; sourceTree = BUILT_PRODUCTS_DIR; };
		994CA64127B156DF00F455BC /* MoneyManagementApp.swift */ = {isa = PBXFileReference; lastKnownFileType = sourcecode.swift; path = MoneyManagementApp.swift; sourceTree = "<group>"; };
		994CA64327B156DF00F455BC /* ContentView.swift */ = {isa = PBXFileReference; lastKnownFileType = sourcecode.swift; path = ContentView.swift; sourceTree = "<group>"; };
		994CA64527B156E100F455BC /* Assets.xcassets */ = {isa = PBXFileReference; lastKnownFileType = folder.assetcatalog; path = Assets.xcassets; sourceTree = "<group>"; };
		994CA64827B156E200F455BC /* Preview Assets.xcassets */ = {isa = PBXFileReference; lastKnownFileType = folder.assetcatalog; path = "Preview Assets.xcassets"; sourceTree = "<group>"; };
		994CA64F27B1668C00F455BC /* NavigationBarWithButton.swift */ = {isa = PBXFileReference; lastKnownFileType = sourcecode.swift; path = NavigationBarWithButton.swift; sourceTree = "<group>"; };
		999D527F27B39882009CCA58 /* PracticePageVC.swift */ = {isa = PBXFileReference; lastKnownFileType = sourcecode.swift; path = PracticePageVC.swift; sourceTree = "<group>"; };
		999D528127B3AA0E009CCA58 /* PracticePageControl.swift */ = {isa = PBXFileReference; lastKnownFileType = sourcecode.swift; path = PracticePageControl.swift; sourceTree = "<group>"; };
		99E9565D27B16EAC00D9A76E /* AssetMenu.swift */ = {isa = PBXFileReference; lastKnownFileType = sourcecode.swift; path = AssetMenu.swift; sourceTree = "<group>"; };
		99E9565F27B1706A00D9A76E /* AssetMenuButtonStyle.swift */ = {isa = PBXFileReference; lastKnownFileType = sourcecode.swift; path = AssetMenuButtonStyle.swift; sourceTree = "<group>"; };
		99E9566127B172CB00D9A76E /* AssetMenuGridView.swift */ = {isa = PBXFileReference; lastKnownFileType = sourcecode.swift; path = AssetMenuGridView.swift; sourceTree = "<group>"; };
		99E9566327B1741800D9A76E /* AssetView.swift */ = {isa = PBXFileReference; lastKnownFileType = sourcecode.swift; path = AssetView.swift; sourceTree = "<group>"; };
/* End PBXFileReference section */

/* Begin PBXFrameworksBuildPhase section */
		994CA63B27B156DF00F455BC /* Frameworks */ = {
			isa = PBXFrameworksBuildPhase;
			buildActionMask = 2147483647;
			files = (
			);
			runOnlyForDeploymentPostprocessing = 0;
		};
/* End PBXFrameworksBuildPhase section */

/* Begin PBXGroup section */
		990FED0927B2616D003A8937 /* View */ = {
			isa = PBXGroup;
			children = (
				994CA64327B156DF00F455BC /* ContentView.swift */,
				99E9566127B172CB00D9A76E /* AssetMenuGridView.swift */,
				99E9566327B1741800D9A76E /* AssetView.swift */,
				990FED0D27B2AE72003A8937 /* AssetBanner.swift */,
				990FED1127B2AEC6003A8937 /* BannerCardView.swift */,
				990FED1327B2AF99003A8937 /* PageViewController.swift */,
				990FED1527B2B32F003A8937 /* PageControl.swift */,
				990FED1727B2B4E9003A8937 /* AssetBannerView.swift */,
			);
			path = View;
			sourceTree = "<group>";
		};
		990FED0A27B26180003A8937 /* Custom */ = {
			isa = PBXGroup;
			children = (
				994CA64F27B1668C00F455BC /* NavigationBarWithButton.swift */,
				99E9565F27B1706A00D9A76E /* AssetMenuButtonStyle.swift */,
				990FED0727B2517D003A8937 /* CustomTextModifier.swift */,
			);
			path = Custom;
			sourceTree = "<group>";
		};
		994CA63527B156DF00F455BC = {
			isa = PBXGroup;
			children = (
				994CA64027B156DF00F455BC /* MoneyManagement */,
				994CA63F27B156DF00F455BC /* Products */,
			);
			sourceTree = "<group>";
		};
		994CA63F27B156DF00F455BC /* Products */ = {
			isa = PBXGroup;
			children = (
				994CA63E27B156DF00F455BC /* MoneyManagement.app */,
			);
			name = Products;
			sourceTree = "<group>";
		};
		994CA64027B156DF00F455BC /* MoneyManagement */ = {
			isa = PBXGroup;
			children = (
				999D527E27B3984E009CCA58 /* Practice */,
				990FED0A27B26180003A8937 /* Custom */,
				990FED0927B2616D003A8937 /* View */,
				999D527D27B3983B009CCA58 /* App */,
				994CA64527B156E100F455BC /* Assets.xcassets */,
				994CA64727B156E200F455BC /* Preview Content */,
			);
			path = MoneyManagement;
			sourceTree = "<group>";
		};
		994CA64727B156E200F455BC /* Preview Content */ = {
			isa = PBXGroup;
			children = (
				994CA64827B156E200F455BC /* Preview Assets.xcassets */,
			);
			path = "Preview Content";
			sourceTree = "<group>";
		};
		999D527D27B3983B009CCA58 /* App */ = {
			isa = PBXGroup;
			children = (
				994CA64127B156DF00F455BC /* MoneyManagementApp.swift */,
				99E9565D27B16EAC00D9A76E /* AssetMenu.swift */,
			);
			path = App;
			sourceTree = "<group>";
		};
		999D527E27B3984E009CCA58 /* Practice */ = {
			isa = PBXGroup;
			children = (
				990FED0B27B261AC003A8937 /* AssetMenuStackView.swift */,
				999D527F27B39882009CCA58 /* PracticePageVC.swift */,
				999D528127B3AA0E009CCA58 /* PracticePageControl.swift */,
			);
			path = Practice;
			sourceTree = "<group>";
		};
/* End PBXGroup section */

/* Begin PBXNativeTarget section */
		994CA63D27B156DF00F455BC /* MoneyManagement */ = {
			isa = PBXNativeTarget;
			buildConfigurationList = 994CA64C27B156E200F455BC /* Build configuration list for PBXNativeTarget "MoneyManagement" */;
			buildPhases = (
				994CA63A27B156DF00F455BC /* Sources */,
				994CA63B27B156DF00F455BC /* Frameworks */,
				994CA63C27B156DF00F455BC /* Resources */,
			);
			buildRules = (
			);
			dependencies = (
			);
			name = MoneyManagement;
			productName = MoneyManagement;
			productReference = 994CA63E27B156DF00F455BC /* MoneyManagement.app */;
			productType = "com.apple.product-type.application";
		};
/* End PBXNativeTarget section */

/* Begin PBXProject section */
		994CA63627B156DF00F455BC /* Project object */ = {
			isa = PBXProject;
			attributes = {
				BuildIndependentTargetsInParallel = 1;
				LastSwiftUpdateCheck = 1320;
				LastUpgradeCheck = 1320;
				TargetAttributes = {
					994CA63D27B156DF00F455BC = {
						CreatedOnToolsVersion = 13.2.1;
					};
				};
			};
			buildConfigurationList = 994CA63927B156DF00F455BC /* Build configuration list for PBXProject "MoneyManagement" */;
			compatibilityVersion = "Xcode 13.0";
			developmentRegion = en;
			hasScannedForEncodings = 0;
			knownRegions = (
				en,
				Base,
			);
			mainGroup = 994CA63527B156DF00F455BC;
			productRefGroup = 994CA63F27B156DF00F455BC /* Products */;
			projectDirPath = "";
			projectRoot = "";
			targets = (
				994CA63D27B156DF00F455BC /* MoneyManagement */,
			);
		};
/* End PBXProject section */

/* Begin PBXResourcesBuildPhase section */
		994CA63C27B156DF00F455BC /* Resources */ = {
			isa = PBXResourcesBuildPhase;
			buildActionMask = 2147483647;
			files = (
				994CA64927B156E200F455BC /* Preview Assets.xcassets in Resources */,
				994CA64627B156E100F455BC /* Assets.xcassets in Resources */,
			);
			runOnlyForDeploymentPostprocessing = 0;
		};
/* End PBXResourcesBuildPhase section */

/* Begin PBXSourcesBuildPhase section */
		994CA63A27B156DF00F455BC /* Sources */ = {
			isa = PBXSourcesBuildPhase;
			buildActionMask = 2147483647;
			files = (
				99E9566227B172CB00D9A76E /* AssetMenuGridView.swift in Sources */,
				990FED1827B2B4E9003A8937 /* AssetBannerView.swift in Sources */,
				994CA65027B1668C00F455BC /* NavigationBarWithButton.swift in Sources */,
				990FED0827B2517D003A8937 /* CustomTextModifier.swift in Sources */,
				990FED1627B2B32F003A8937 /* PageControl.swift in Sources */,
				990FED1427B2AF99003A8937 /* PageViewController.swift in Sources */,
				99E9566427B1741800D9A76E /* AssetView.swift in Sources */,
				990FED0E27B2AE72003A8937 /* AssetBanner.swift in Sources */,
				994CA64427B156DF00F455BC /* ContentView.swift in Sources */,
				999D528027B39882009CCA58 /* PracticePageVC.swift in Sources */,
				994CA64227B156DF00F455BC /* MoneyManagementApp.swift in Sources */,
				99E9565E27B16EAC00D9A76E /* AssetMenu.swift in Sources */,
				99E9566027B1706A00D9A76E /* AssetMenuButtonStyle.swift in Sources */,
				999D528227B3AA0E009CCA58 /* PracticePageControl.swift in Sources */,
				990FED0C27B261AC003A8937 /* AssetMenuStackView.swift in Sources */,
				990FED1227B2AEC6003A8937 /* BannerCardView.swift in Sources */,
			);
			runOnlyForDeploymentPostprocessing = 0;
		};
/* End PBXSourcesBuildPhase section */

/* Begin XCBuildConfiguration section */
		994CA64A27B156E200F455BC /* Debug */ = {
			isa = XCBuildConfiguration;
			buildSettings = {
				ALWAYS_SEARCH_USER_PATHS = NO;
				CLANG_ANALYZER_NONNULL = YES;
				CLANG_ANALYZER_NUMBER_OBJECT_CONVERSION = YES_AGGRESSIVE;
				CLANG_CXX_LANGUAGE_STANDARD = "gnu++17";
				CLANG_CXX_LIBRARY = "libc++";
				CLANG_ENABLE_MODULES = YES;
				CLANG_ENABLE_OBJC_ARC = YES;
				CLANG_ENABLE_OBJC_WEAK = YES;
				CLANG_WARN_BLOCK_CAPTURE_AUTORELEASING = YES;
				CLANG_WARN_BOOL_CONVERSION = YES;
				CLANG_WARN_COMMA = YES;
				CLANG_WARN_CONSTANT_CONVERSION = YES;
				CLANG_WARN_DEPRECATED_OBJC_IMPLEMENTATIONS = YES;
				CLANG_WARN_DIRECT_OBJC_ISA_USAGE = YES_ERROR;
				CLANG_WARN_DOCUMENTATION_COMMENTS = YES;
				CLANG_WARN_EMPTY_BODY = YES;
				CLANG_WARN_ENUM_CONVERSION = YES;
				CLANG_WARN_INFINITE_RECURSION = YES;
				CLANG_WARN_INT_CONVERSION = YES;
				CLANG_WARN_NON_LITERAL_NULL_CONVERSION = YES;
				CLANG_WARN_OBJC_IMPLICIT_RETAIN_SELF = YES;
				CLANG_WARN_OBJC_LITERAL_CONVERSION = YES;
				CLANG_WARN_OBJC_ROOT_CLASS = YES_ERROR;
				CLANG_WARN_QUOTED_INCLUDE_IN_FRAMEWORK_HEADER = YES;
				CLANG_WARN_RANGE_LOOP_ANALYSIS = YES;
				CLANG_WARN_STRICT_PROTOTYPES = YES;
				CLANG_WARN_SUSPICIOUS_MOVE = YES;
				CLANG_WARN_UNGUARDED_AVAILABILITY = YES_AGGRESSIVE;
				CLANG_WARN_UNREACHABLE_CODE = YES;
				CLANG_WARN__DUPLICATE_METHOD_MATCH = YES;
				COPY_PHASE_STRIP = NO;
				DEBUG_INFORMATION_FORMAT = dwarf;
				ENABLE_STRICT_OBJC_MSGSEND = YES;
				ENABLE_TESTABILITY = YES;
				GCC_C_LANGUAGE_STANDARD = gnu11;
				GCC_DYNAMIC_NO_PIC = NO;
				GCC_NO_COMMON_BLOCKS = YES;
				GCC_OPTIMIZATION_LEVEL = 0;
				GCC_PREPROCESSOR_DEFINITIONS = (
					"DEBUG=1",
					"$(inherited)",
				);
				GCC_WARN_64_TO_32_BIT_CONVERSION = YES;
				GCC_WARN_ABOUT_RETURN_TYPE = YES_ERROR;
				GCC_WARN_UNDECLARED_SELECTOR = YES;
				GCC_WARN_UNINITIALIZED_AUTOS = YES_AGGRESSIVE;
				GCC_WARN_UNUSED_FUNCTION = YES;
				GCC_WARN_UNUSED_VARIABLE = YES;
				IPHONEOS_DEPLOYMENT_TARGET = 15.2;
				MTL_ENABLE_DEBUG_INFO = INCLUDE_SOURCE;
				MTL_FAST_MATH = YES;
				ONLY_ACTIVE_ARCH = YES;
				SDKROOT = iphoneos;
				SWIFT_ACTIVE_COMPILATION_CONDITIONS = DEBUG;
				SWIFT_OPTIMIZATION_LEVEL = "-Onone";
			};
			name = Debug;
		};
		994CA64B27B156E200F455BC /* Release */ = {
			isa = XCBuildConfiguration;
			buildSettings = {
				ALWAYS_SEARCH_USER_PATHS = NO;
				CLANG_ANALYZER_NONNULL = YES;
				CLANG_ANALYZER_NUMBER_OBJECT_CONVERSION = YES_AGGRESSIVE;
				CLANG_CXX_LANGUAGE_STANDARD = "gnu++17";
				CLANG_CXX_LIBRARY = "libc++";
				CLANG_ENABLE_MODULES = YES;
				CLANG_ENABLE_OBJC_ARC = YES;
				CLANG_ENABLE_OBJC_WEAK = YES;
				CLANG_WARN_BLOCK_CAPTURE_AUTORELEASING = YES;
				CLANG_WARN_BOOL_CONVERSION = YES;
				CLANG_WARN_COMMA = YES;
				CLANG_WARN_CONSTANT_CONVERSION = YES;
				CLANG_WARN_DEPRECATED_OBJC_IMPLEMENTATIONS = YES;
				CLANG_WARN_DIRECT_OBJC_ISA_USAGE = YES_ERROR;
				CLANG_WARN_DOCUMENTATION_COMMENTS = YES;
				CLANG_WARN_EMPTY_BODY = YES;
				CLANG_WARN_ENUM_CONVERSION = YES;
				CLANG_WARN_INFINITE_RECURSION = YES;
				CLANG_WARN_INT_CONVERSION = YES;
				CLANG_WARN_NON_LITERAL_NULL_CONVERSION = YES;
				CLANG_WARN_OBJC_IMPLICIT_RETAIN_SELF = YES;
				CLANG_WARN_OBJC_LITERAL_CONVERSION = YES;
				CLANG_WARN_OBJC_ROOT_CLASS = YES_ERROR;
				CLANG_WARN_QUOTED_INCLUDE_IN_FRAMEWORK_HEADER = YES;
				CLANG_WARN_RANGE_LOOP_ANALYSIS = YES;
				CLANG_WARN_STRICT_PROTOTYPES = YES;
				CLANG_WARN_SUSPICIOUS_MOVE = YES;
				CLANG_WARN_UNGUARDED_AVAILABILITY = YES_AGGRESSIVE;
				CLANG_WARN_UNREACHABLE_CODE = YES;
				CLANG_WARN__DUPLICATE_METHOD_MATCH = YES;
				COPY_PHASE_STRIP = NO;
				DEBUG_INFORMATION_FORMAT = "dwarf-with-dsym";
				ENABLE_NS_ASSERTIONS = NO;
				ENABLE_STRICT_OBJC_MSGSEND = YES;
				GCC_C_LANGUAGE_STANDARD = gnu11;
				GCC_NO_COMMON_BLOCKS = YES;
				GCC_WARN_64_TO_32_BIT_CONVERSION = YES;
				GCC_WARN_ABOUT_RETURN_TYPE = YES_ERROR;
				GCC_WARN_UNDECLARED_SELECTOR = YES;
				GCC_WARN_UNINITIALIZED_AUTOS = YES_AGGRESSIVE;
				GCC_WARN_UNUSED_FUNCTION = YES;
				GCC_WARN_UNUSED_VARIABLE = YES;
				IPHONEOS_DEPLOYMENT_TARGET = 15.2;
				MTL_ENABLE_DEBUG_INFO = NO;
				MTL_FAST_MATH = YES;
				SDKROOT = iphoneos;
				SWIFT_COMPILATION_MODE = wholemodule;
				SWIFT_OPTIMIZATION_LEVEL = "-O";
				VALIDATE_PRODUCT = YES;
			};
			name = Release;
		};
		994CA64D27B156E200F455BC /* Debug */ = {
			isa = XCBuildConfiguration;
			buildSettings = {
				ASSETCATALOG_COMPILER_APPICON_NAME = AppIcon;
				ASSETCATALOG_COMPILER_GLOBAL_ACCENT_COLOR_NAME = AccentColor;
				CODE_SIGN_STYLE = Automatic;
				CURRENT_PROJECT_VERSION = 1;
				DEVELOPMENT_ASSET_PATHS = "\"MoneyManagement/Preview Content\"";
				DEVELOPMENT_TEAM = 252A989XMN;
				ENABLE_PREVIEWS = YES;
				GENERATE_INFOPLIST_FILE = YES;
				INFOPLIST_KEY_UIApplicationSceneManifest_Generation = YES;
				INFOPLIST_KEY_UIApplicationSupportsIndirectInputEvents = YES;
				INFOPLIST_KEY_UILaunchScreen_Generation = YES;
				INFOPLIST_KEY_UISupportedInterfaceOrientations_iPad = "UIInterfaceOrientationPortrait UIInterfaceOrientationPortraitUpsideDown UIInterfaceOrientationLandscapeLeft UIInterfaceOrientationLandscapeRight";
				INFOPLIST_KEY_UISupportedInterfaceOrientations_iPhone = "UIInterfaceOrientationPortrait UIInterfaceOrientationLandscapeLeft UIInterfaceOrientationLandscapeRight";
				INFOPLIST_KEY_UIUserInterfaceStyle = Light;
				LD_RUNPATH_SEARCH_PATHS = (
					"$(inherited)",
					"@executable_path/Frameworks",
				);
				MARKETING_VERSION = 1.0;
				PRODUCT_BUNDLE_IDENTIFIER = LeeHsss.MoneyManagement;
				PRODUCT_NAME = "$(TARGET_NAME)";
				SWIFT_EMIT_LOC_STRINGS = YES;
				SWIFT_VERSION = 5.0;
				TARGETED_DEVICE_FAMILY = "1,2";
			};
			name = Debug;
		};
		994CA64E27B156E200F455BC /* Release */ = {
			isa = XCBuildConfiguration;
			buildSettings = {
				ASSETCATALOG_COMPILER_APPICON_NAME = AppIcon;
				ASSETCATALOG_COMPILER_GLOBAL_ACCENT_COLOR_NAME = AccentColor;
				CODE_SIGN_STYLE = Automatic;
				CURRENT_PROJECT_VERSION = 1;
				DEVELOPMENT_ASSET_PATHS = "\"MoneyManagement/Preview Content\"";
				DEVELOPMENT_TEAM = 252A989XMN;
				ENABLE_PREVIEWS = YES;
				GENERATE_INFOPLIST_FILE = YES;
				INFOPLIST_KEY_UIApplicationSceneManifest_Generation = YES;
				INFOPLIST_KEY_UIApplicationSupportsIndirectInputEvents = YES;
				INFOPLIST_KEY_UILaunchScreen_Generation = YES;
				INFOPLIST_KEY_UISupportedInterfaceOrientations_iPad = "UIInterfaceOrientationPortrait UIInterfaceOrientationPortraitUpsideDown UIInterfaceOrientationLandscapeLeft UIInterfaceOrientationLandscapeRight";
				INFOPLIST_KEY_UISupportedInterfaceOrientations_iPhone = "UIInterfaceOrientationPortrait UIInterfaceOrientationLandscapeLeft UIInterfaceOrientationLandscapeRight";
				INFOPLIST_KEY_UIUserInterfaceStyle = Light;
				LD_RUNPATH_SEARCH_PATHS = (
					"$(inherited)",
					"@executable_path/Frameworks",
				);
				MARKETING_VERSION = 1.0;
				PRODUCT_BUNDLE_IDENTIFIER = LeeHsss.MoneyManagement;
				PRODUCT_NAME = "$(TARGET_NAME)";
				SWIFT_EMIT_LOC_STRINGS = YES;
				SWIFT_VERSION = 5.0;
				TARGETED_DEVICE_FAMILY = "1,2";
			};
			name = Release;
		};
/* End XCBuildConfiguration section */

/* Begin XCConfigurationList section */
		994CA63927B156DF00F455BC /* Build configuration list for PBXProject "MoneyManagement" */ = {
			isa = XCConfigurationList;
			buildConfigurations = (
				994CA64A27B156E200F455BC /* Debug */,
				994CA64B27B156E200F455BC /* Release */,
			);
			defaultConfigurationIsVisible = 0;
			defaultConfigurationName = Release;
		};
		994CA64C27B156E200F455BC /* Build configuration list for PBXNativeTarget "MoneyManagement" */ = {
			isa = XCConfigurationList;
			buildConfigurations = (
				994CA64D27B156E200F455BC /* Debug */,
				994CA64E27B156E200F455BC /* Release */,
			);
			defaultConfigurationIsVisible = 0;
			defaultConfigurationName = Release;
		};
/* End XCConfigurationList section */
	};
	rootObject = 994CA63627B156DF00F455BC /* Project object */;
}
